
Microsoft Visual Studio Solution File, Format Version 12.00
# Visual Studio 15
VisualStudioVersion = 15.0.28010.2050
MinimumVisualStudioVersion = 10.0.40219.1
Project("{FAE04EC0-301F-11D3-BF4B-00C04F79EFBC}") = "WifiWufuWafa", "WifiWufuWafa\WifiWufuWafa.csproj", "{DA9C803B-7E65-4D30-BBA5-9E09178D54E4}"
EndProject
Global
	GlobalSection(SolutionConfigurationPlatforms) = preSolution
		Debug|Any CPU = Debug|Any CPU
		Release|Any CPU = Release|Any CPU
	EndGlobalSection
	GlobalSection(ProjectConfigurationPlatforms) = postSolution
		{DA9C803B-7E65-4D30-BBA5-9E09178D54E4}.Debug|Any CPU.ActiveCfg = Debug|Any CPU
		{DA9C803B-7E65-4D30-BBA5-9E09178D54E4}.Debug|Any CPU.Build.0 = Debug|Any CPU
		{DA9C803B-7E65-4D30-BBA5-9E09178D54E4}.Release|Any CPU.ActiveCfg = Release|Any CPU
		{DA9C803B-7E65-4D30-BBA5-9E09178D54E4}.Release|Any CPU.Build.0 = Release|Any CPU
	EndGlobalSection
	GlobalSection(SolutionProperties) = preSolution
		HideSolutionNode = FALSE
	EndGlobalSection
	GlobalSection(ExtensibilityGlobals) = postSolution
		SolutionGuid = {16165D62-15E5-4565-8D2D-3C5B10015A12}
	EndGlobalSection
EndGlobal
